<?xml version="1.0" encoding="UTF-8"?>
<!DOCTYPE plist PUBLIC "-//Apple//DTD PLIST 1.0//EN" "http://www.apple.com/DTDs/PropertyList-1.0.dtd">
<plist version="1.0">
<dict>
	<key>archiveVersion</key>
	<string>1</string>
	<key>classes</key>
	<dict/>
	<key>objectVersion</key>
	<string>46</string>
	<key>objects</key>
	<dict>
		<key>701FC2FE1CD1A455007B87C8</key>
		<dict>
			<key>fileEncoding</key>
			<string>4</string>
			<key>isa</key>
			<string>PBXFileReference</string>
			<key>lastKnownFileType</key>
			<string>sourcecode.c.objc</string>
			<key>path</key>
			<string>GHPullRequestViewModelTest.m</string>
			<key>sourceTree</key>
			<string>&lt;group&gt;</string>
		</dict>
		<key>701FC2FF1CD1A455007B87C8</key>
		<dict>
			<key>fileRef</key>
			<string>701FC2FE1CD1A455007B87C8</string>
			<key>isa</key>
			<string>PBXBuildFile</string>
		</dict>
		<key>701FC3001CD1A7C1007B87C8</key>
		<dict>
			<key>children</key>
			<array>
				<string>701FC30C1CD1B63F007B87C8</string>
				<string>701FC3081CD1B3BD007B87C8</string>
				<string>701FC3061CD1B0A8007B87C8</string>
				<string>701FC30A1CD1B528007B87C8</string>
				<string>701FC3031CD1A7E5007B87C8</string>
			</array>
			<key>isa</key>
			<string>PBXGroup</string>
			<key>name</key>
			<string>Model</string>
			<key>path</key>
			<string>Model</string>
			<key>sourceTree</key>
			<string>&lt;group&gt;</string>
		</dict>
		<key>701FC3031CD1A7E5007B87C8</key>
		<dict>
			<key>fileEncoding</key>
			<string>4</string>
			<key>isa</key>
			<string>PBXFileReference</string>
			<key>lastKnownFileType</key>
			<string>sourcecode.c.objc</string>
			<key>path</key>
			<string>GHUserTest.m</string>
			<key>sourceTree</key>
			<string>&lt;group&gt;</string>
		</dict>
		<key>701FC3041CD1A7E5007B87C8</key>
		<dict>
			<key>fileRef</key>
			<string>701FC3031CD1A7E5007B87C8</string>
			<key>isa</key>
			<string>PBXBuildFile</string>
		</dict>
		<key>701FC3061CD1B0A8007B87C8</key>
		<dict>
			<key>fileEncoding</key>
			<string>4</string>
			<key>isa</key>
			<string>PBXFileReference</string>
			<key>lastKnownFileType</key>
			<string>sourcecode.c.objc</string>
			<key>path</key>
			<string>GHPullRequestTest.m</string>
			<key>sourceTree</key>
			<string>&lt;group&gt;</string>
		</dict>
		<key>701FC3071CD1B0A8007B87C8</key>
		<dict>
			<key>fileRef</key>
			<string>701FC3061CD1B0A8007B87C8</string>
			<key>isa</key>
			<string>PBXBuildFile</string>
		</dict>
		<key>701FC3081CD1B3BD007B87C8</key>
		<dict>
			<key>fileEncoding</key>
			<string>4</string>
			<key>isa</key>
			<string>PBXFileReference</string>
			<key>lastKnownFileType</key>
			<string>sourcecode.c.objc</string>
			<key>path</key>
			<string>GHOwnerTest.m</string>
			<key>sourceTree</key>
			<string>&lt;group&gt;</string>
		</dict>
		<key>701FC3091CD1B3BD007B87C8</key>
		<dict>
			<key>fileRef</key>
			<string>701FC3081CD1B3BD007B87C8</string>
			<key>isa</key>
			<string>PBXBuildFile</string>
		</dict>
		<key>701FC30A1CD1B528007B87C8</key>
		<dict>
			<key>fileEncoding</key>
			<string>4</string>
			<key>isa</key>
			<string>PBXFileReference</string>
			<key>lastKnownFileType</key>
			<string>sourcecode.c.objc</string>
			<key>path</key>
			<string>GHRepositoryTest.m</string>
			<key>sourceTree</key>
			<string>&lt;group&gt;</string>
		</dict>
		<key>701FC30B1CD1B528007B87C8</key>
		<dict>
			<key>fileRef</key>
			<string>701FC30A1CD1B528007B87C8</string>
			<key>isa</key>
			<string>PBXBuildFile</string>
		</dict>
		<key>701FC30C1CD1B63F007B87C8</key>
		<dict>
			<key>children</key>
			<array>
				<string>701FC30D1CD1B64F007B87C8</string>
			</array>
			<key>isa</key>
			<string>PBXGroup</string>
			<key>name</key>
			<string>Response</string>
			<key>path</key>
			<string>Response</string>
			<key>sourceTree</key>
			<string>&lt;group&gt;</string>
		</dict>
		<key>701FC30D1CD1B64F007B87C8</key>
		<dict>
			<key>fileEncoding</key>
			<string>4</string>
			<key>isa</key>
			<string>PBXFileReference</string>
			<key>lastKnownFileType</key>
			<string>sourcecode.c.objc</string>
			<key>path</key>
			<string>GHRepositoryResponseTest.m</string>
			<key>sourceTree</key>
			<string>&lt;group&gt;</string>
		</dict>
		<key>701FC30E1CD1B64F007B87C8</key>
		<dict>
			<key>fileRef</key>
			<string>701FC30D1CD1B64F007B87C8</string>
			<key>isa</key>
			<string>PBXBuildFile</string>
		</dict>
		<key>703A86171CCEEBA500E6AFA3</key>
		<dict>
			<key>children</key>
			<array>
				<string>703A865A1CCEF05500E6AFA3</string>
				<string>703A86211CCEEBA500E6AFA3</string>
				<string>703A86221CCEEBA500E6AFA3</string>
				<string>703A863C1CCEEBA500E6AFA3</string>
				<string>703A86471CCEEBA500E6AFA3</string>
				<string>707DCEFE1CD15E220099F41E</string>
			</array>
			<key>isa</key>
			<string>PBXGroup</string>
			<key>sourceTree</key>
			<string>&lt;group&gt;</string>
		</dict>
		<key>703A86181CCEEBA500E6AFA3</key>
		<dict>
			<key>attributes</key>
			<dict>
				<key>CLASSPREFIX</key>
				<string>GH</string>
				<key>LastUpgradeCheck</key>
				<string>0730</string>
				<key>ORGANIZATIONNAME</key>
				<string>Fabio Nogueira</string>
				<key>TargetAttributes</key>
				<dict>
					<key>703A861F1CCEEBA500E6AFA3</key>
					<dict>
						<key>CreatedOnToolsVersion</key>
						<string>7.3</string>
					</dict>
					<key>703A86381CCEEBA500E6AFA3</key>
					<dict>
						<key>CreatedOnToolsVersion</key>
						<string>7.3</string>
						<key>TestTargetID</key>
						<string>703A861F1CCEEBA500E6AFA3</string>
					</dict>
					<key>703A86431CCEEBA500E6AFA3</key>
					<dict>
						<key>CreatedOnToolsVersion</key>
						<string>7.3</string>
						<key>TestTargetID</key>
						<string>703A861F1CCEEBA500E6AFA3</string>
					</dict>
				</dict>
			</dict>
			<key>buildConfigurationList</key>
			<string>703A861B1CCEEBA500E6AFA3</string>
			<key>compatibilityVersion</key>
			<string>Xcode 3.2</string>
			<key>developmentRegion</key>
			<string>English</string>
			<key>hasScannedForEncodings</key>
			<string>0</string>
			<key>isa</key>
			<string>PBXProject</string>
			<key>knownRegions</key>
			<array>
				<string>en</string>
				<string>Base</string>
			</array>
			<key>mainGroup</key>
			<string>703A86171CCEEBA500E6AFA3</string>
			<key>productRefGroup</key>
			<string>703A86211CCEEBA500E6AFA3</string>
			<key>projectDirPath</key>
			<string></string>
			<key>projectReferences</key>
			<array/>
			<key>projectRoot</key>
			<string></string>
			<key>targets</key>
			<array>
				<string>703A861F1CCEEBA500E6AFA3</string>
				<string>703A86381CCEEBA500E6AFA3</string>
				<string>703A86431CCEEBA500E6AFA3</string>
			</array>
		</dict>
		<key>703A861B1CCEEBA500E6AFA3</key>
		<dict>
			<key>buildConfigurations</key>
			<array>
				<string>703A864B1CCEEBA500E6AFA3</string>
				<string>703A864C1CCEEBA500E6AFA3</string>
			</array>
			<key>defaultConfigurationIsVisible</key>
			<string>0</string>
			<key>defaultConfigurationName</key>
			<string>Release</string>
			<key>isa</key>
			<string>XCConfigurationList</string>
		</dict>
		<key>703A861C1CCEEBA500E6AFA3</key>
		<dict>
			<key>buildActionMask</key>
			<string>2147483647</string>
			<key>files</key>
			<array>
				<string>703A867D1CCF7E1D00E6AFA3</string>
				<string>703A86791CCEFE3700E6AFA3</string>
				<string>7088CB541CD18A7400EE128A</string>
				<string>703A86641CCEF38A00E6AFA3</string>
				<string>70E4184A1CD04E6400638600</string>
				<string>7088CB411CD1800100EE128A</string>
				<string>707DCEFD1CD15CAD0099F41E</string>
				<string>703A86921CD017C400E6AFA3</string>
				<string>7088CB581CD18D6200EE128A</string>
				<string>703A86281CCEEBA500E6AFA3</string>
				<string>70E418511CD0502700638600</string>
				<string>70E4184E1CD04F7300638600</string>
				<string>7088CB5F1CD1935D00EE128A</string>
				<string>703A866B1CCEF71500E6AFA3</string>
				<string>70E418431CD047A500638600</string>
				<string>7088CB3E1CD17F2000EE128A</string>
				<string>7088CB4A1CD1847C00EE128A</string>
				<string>703A86251CCEEBA500E6AFA3</string>
				<string>703A86671CCEF53000E6AFA3</string>
			</array>
			<key>isa</key>
			<string>PBXSourcesBuildPhase</string>
			<key>runOnlyForDeploymentPostprocessing</key>
			<string>0</string>
		</dict>
		<key>703A861D1CCEEBA500E6AFA3</key>
		<dict>
			<key>buildActionMask</key>
			<string>2147483647</string>
			<key>files</key>
			<array>
				<string>7088CB641CD19D0E00EE128A</string>
				<string>7075030C1CD171620020E9EB</string>
				<string>707503181CD1731C0020E9EB</string>
				<string>707503141CD173070020E9EB</string>
				<string>707503111CD172EA0020E9EB</string>
				<string>707503161CD1731C0020E9EB</string>
				<string>7075030D1CD171620020E9EB</string>
				<string>7075030E1CD171620020E9EB</string>
				<string>7075030F1CD171620020E9EB</string>
			</array>
			<key>isa</key>
			<string>PBXFrameworksBuildPhase</string>
			<key>runOnlyForDeploymentPostprocessing</key>
			<string>0</string>
		</dict>
		<key>703A861E1CCEEBA500E6AFA3</key>
		<dict>
			<key>buildActionMask</key>
			<string>2147483647</string>
			<key>files</key>
			<array>
				<string>707DCEFF1CD15E220099F41E</string>
				<string>70E4184B1CD04E6400638600</string>
				<string>7088CB551CD18A7400EE128A</string>
				<string>703A867F1CCF7E3B00E6AFA3</string>
				<string>703A86331CCEEBA500E6AFA3</string>
				<string>703A86301CCEEBA500E6AFA3</string>
				<string>703A862E1CCEEBA500E6AFA3</string>
			</array>
			<key>isa</key>
			<string>PBXResourcesBuildPhase</string>
			<key>runOnlyForDeploymentPostprocessing</key>
			<string>0</string>
		</dict>
		<key>703A861F1CCEEBA500E6AFA3</key>
		<dict>
			<key>buildConfigurationList</key>
			<string>703A864D1CCEEBA500E6AFA3</string>
			<key>buildPhases</key>
			<array>
				<string>703A861C1CCEEBA500E6AFA3</string>
				<string>703A861D1CCEEBA500E6AFA3</string>
				<string>703A861E1CCEEBA500E6AFA3</string>
				<string>707503131CD172EB0020E9EB</string>
			</array>
			<key>buildRules</key>
			<array/>
			<key>dependencies</key>
			<array/>
			<key>isa</key>
			<string>PBXNativeTarget</string>
			<key>name</key>
			<string>top-repositories-github</string>
			<key>productName</key>
			<string>Desafio-iOS</string>
			<key>productReference</key>
			<string>703A86201CCEEBA500E6AFA3</string>
			<key>productType</key>
			<string>com.apple.product-type.application</string>
		</dict>
		<key>703A86201CCEEBA500E6AFA3</key>
		<dict>
			<key>explicitFileType</key>
			<string>wrapper.application</string>
			<key>includeInIndex</key>
			<string>0</string>
			<key>isa</key>
			<string>PBXFileReference</string>
			<key>path</key>
			<string>top-repositories-github.app</string>
			<key>sourceTree</key>
			<string>BUILT_PRODUCTS_DIR</string>
		</dict>
		<key>703A86211CCEEBA500E6AFA3</key>
		<dict>
			<key>children</key>
			<array>
				<string>703A86201CCEEBA500E6AFA3</string>
				<string>703A86391CCEEBA500E6AFA3</string>
				<string>703A86441CCEEBA500E6AFA3</string>
			</array>
			<key>isa</key>
			<string>PBXGroup</string>
			<key>name</key>
			<string>Products</string>
			<key>sourceTree</key>
			<string>&lt;group&gt;</string>
		</dict>
		<key>703A86221CCEEBA500E6AFA3</key>
		<dict>
			<key>children</key>
			<array>
				<string>703A865B1CCEF06600E6AFA3</string>
				<string>703A86231CCEEBA500E6AFA3</string>
				<string>703A86611CCEF08D00E6AFA3</string>
			</array>
			<key>isa</key>
			<string>PBXGroup</string>
			<key>name</key>
			<string>top-repositories</string>
			<key>path</key>
			<string>top-repositories</string>
			<key>sourceTree</key>
			<string>&lt;group&gt;</string>
		</dict>
		<key>703A86231CCEEBA500E6AFA3</key>
		<dict>
			<key>children</key>
			<array>
				<string>703A86241CCEEBA500E6AFA3</string>
			</array>
			<key>isa</key>
			<string>PBXGroup</string>
			<key>name</key>
			<string>Supporting Files</string>
			<key>path</key>
			<string>Supporting Files</string>
			<key>sourceTree</key>
			<string>&lt;group&gt;</string>
		</dict>
		<key>703A86241CCEEBA500E6AFA3</key>
		<dict>
			<key>isa</key>
			<string>PBXFileReference</string>
			<key>lastKnownFileType</key>
			<string>sourcecode.c.objc</string>
			<key>path</key>
			<string>main.m</string>
			<key>sourceTree</key>
			<string>&lt;group&gt;</string>
		</dict>
		<key>703A86251CCEEBA500E6AFA3</key>
		<dict>
			<key>fileRef</key>
			<string>703A86241CCEEBA500E6AFA3</string>
			<key>isa</key>
			<string>PBXBuildFile</string>
		</dict>
		<key>703A86261CCEEBA500E6AFA3</key>
		<dict>
			<key>isa</key>
			<string>PBXFileReference</string>
			<key>lastKnownFileType</key>
			<string>sourcecode.c.h</string>
			<key>path</key>
			<string>AppDelegate.h</string>
			<key>sourceTree</key>
			<string>&lt;group&gt;</string>
		</dict>
		<key>703A86271CCEEBA500E6AFA3</key>
		<dict>
			<key>isa</key>
			<string>PBXFileReference</string>
			<key>lastKnownFileType</key>
			<string>sourcecode.c.objc</string>
			<key>path</key>
			<string>AppDelegate.m</string>
			<key>sourceTree</key>
			<string>&lt;group&gt;</string>
		</dict>
		<key>703A86281CCEEBA500E6AFA3</key>
		<dict>
			<key>fileRef</key>
			<string>703A86271CCEEBA500E6AFA3</string>
			<key>isa</key>
			<string>PBXBuildFile</string>
		</dict>
		<key>703A862C1CCEEBA500E6AFA3</key>
		<dict>
			<key>children</key>
			<array>
				<string>703A862D1CCEEBA500E6AFA3</string>
			</array>
			<key>isa</key>
			<string>PBXVariantGroup</string>
			<key>name</key>
			<string>Main.storyboard</string>
			<key>path</key>
			<string>.</string>
			<key>sourceTree</key>
			<string>&lt;group&gt;</string>
		</dict>
		<key>703A862D1CCEEBA500E6AFA3</key>
		<dict>
			<key>isa</key>
			<string>PBXFileReference</string>
			<key>lastKnownFileType</key>
			<string>file.storyboard</string>
			<key>name</key>
			<string>Base</string>
			<key>path</key>
			<string>Base.lproj/Main.storyboard</string>
			<key>sourceTree</key>
			<string>&lt;group&gt;</string>
		</dict>
		<key>703A862E1CCEEBA500E6AFA3</key>
		<dict>
			<key>fileRef</key>
			<string>703A862C1CCEEBA500E6AFA3</string>
			<key>isa</key>
			<string>PBXBuildFile</string>
		</dict>
		<key>703A862F1CCEEBA500E6AFA3</key>
		<dict>
			<key>isa</key>
			<string>PBXFileReference</string>
			<key>lastKnownFileType</key>
			<string>folder.assetcatalog</string>
			<key>path</key>
			<string>Assets.xcassets</string>
			<key>sourceTree</key>
			<string>&lt;group&gt;</string>
		</dict>
		<key>703A86301CCEEBA500E6AFA3</key>
		<dict>
			<key>fileRef</key>
			<string>703A862F1CCEEBA500E6AFA3</string>
			<key>isa</key>
			<string>PBXBuildFile</string>
		</dict>
		<key>703A86311CCEEBA500E6AFA3</key>
		<dict>
			<key>children</key>
			<array>
				<string>703A86321CCEEBA500E6AFA3</string>
			</array>
			<key>isa</key>
			<string>PBXVariantGroup</string>
			<key>name</key>
			<string>LaunchScreen.storyboard</string>
			<key>path</key>
			<string>.</string>
			<key>sourceTree</key>
			<string>&lt;group&gt;</string>
		</dict>
		<key>703A86321CCEEBA500E6AFA3</key>
		<dict>
			<key>isa</key>
			<string>PBXFileReference</string>
			<key>lastKnownFileType</key>
			<string>file.storyboard</string>
			<key>name</key>
			<string>Base</string>
			<key>path</key>
			<string>Base.lproj/LaunchScreen.storyboard</string>
			<key>sourceTree</key>
			<string>&lt;group&gt;</string>
		</dict>
		<key>703A86331CCEEBA500E6AFA3</key>
		<dict>
			<key>fileRef</key>
			<string>703A86311CCEEBA500E6AFA3</string>
			<key>isa</key>
			<string>PBXBuildFile</string>
		</dict>
		<key>703A86341CCEEBA500E6AFA3</key>
		<dict>
			<key>isa</key>
			<string>PBXFileReference</string>
			<key>lastKnownFileType</key>
			<string>text.plist.xml</string>
			<key>path</key>
			<string>Info.plist</string>
			<key>sourceTree</key>
			<string>&lt;group&gt;</string>
		</dict>
		<key>703A86351CCEEBA500E6AFA3</key>
		<dict>
			<key>buildActionMask</key>
			<string>2147483647</string>
			<key>files</key>
			<array>
				<string>703A86821CCF7FCD00E6AFA3</string>
				<string>70E418531CD0559900638600</string>
				<string>701FC3091CD1B3BD007B87C8</string>
				<string>701FC2FF1CD1A455007B87C8</string>
				<string>701FC3071CD1B0A8007B87C8</string>
				<string>701FC30E1CD1B64F007B87C8</string>
				<string>701FC30B1CD1B528007B87C8</string>
				<string>701FC3041CD1A7E5007B87C8</string>
				<string>703A866E1CCEF77300E6AFA3</string>
				<string>707DCF131CD165900099F41E</string>
			</array>
			<key>isa</key>
			<string>PBXSourcesBuildPhase</string>
			<key>runOnlyForDeploymentPostprocessing</key>
			<string>0</string>
		</dict>
		<key>703A86361CCEEBA500E6AFA3</key>
		<dict>
			<key>buildActionMask</key>
			<string>2147483647</string>
			<key>files</key>
			<array>
				<string>707503101CD172840020E9EB</string>
			</array>
			<key>isa</key>
			<string>PBXFrameworksBuildPhase</string>
			<key>runOnlyForDeploymentPostprocessing</key>
			<string>0</string>
		</dict>
		<key>703A86371CCEEBA500E6AFA3</key>
		<dict>
			<key>buildActionMask</key>
			<string>2147483647</string>
			<key>files</key>
			<array/>
			<key>isa</key>
			<string>PBXResourcesBuildPhase</string>
			<key>runOnlyForDeploymentPostprocessing</key>
			<string>0</string>
		</dict>
		<key>703A86381CCEEBA500E6AFA3</key>
		<dict>
			<key>buildConfigurationList</key>
			<string>703A86501CCEEBA500E6AFA3</string>
			<key>buildPhases</key>
			<array>
				<string>703A86351CCEEBA500E6AFA3</string>
				<string>703A86361CCEEBA500E6AFA3</string>
				<string>703A86371CCEEBA500E6AFA3</string>
			</array>
			<key>buildRules</key>
			<array/>
			<key>dependencies</key>
			<array>
				<string>703A863B1CCEEBA500E6AFA3</string>
			</array>
			<key>isa</key>
			<string>PBXNativeTarget</string>
			<key>name</key>
			<string>top-repositories-githubTests</string>
			<key>productName</key>
			<string>Desafio-iOSTests</string>
			<key>productReference</key>
			<string>703A86391CCEEBA500E6AFA3</string>
			<key>productType</key>
			<string>com.apple.product-type.bundle.unit-test</string>
		</dict>
		<key>703A86391CCEEBA500E6AFA3</key>
		<dict>
			<key>explicitFileType</key>
			<string>wrapper.cfbundle</string>
			<key>includeInIndex</key>
			<string>0</string>
			<key>isa</key>
			<string>PBXFileReference</string>
			<key>path</key>
			<string>top-repositories-github.xctest</string>
			<key>sourceTree</key>
			<string>BUILT_PRODUCTS_DIR</string>
		</dict>
		<key>703A863A1CCEEBA500E6AFA3</key>
		<dict>
			<key>containerPortal</key>
			<string>703A86181CCEEBA500E6AFA3</string>
			<key>isa</key>
			<string>PBXContainerItemProxy</string>
			<key>proxyType</key>
			<string>1</string>
			<key>remoteGlobalIDString</key>
			<string>703A861F1CCEEBA500E6AFA3</string>
			<key>remoteInfo</key>
			<string>Desafio-iOS</string>
		</dict>
		<key>703A863B1CCEEBA500E6AFA3</key>
		<dict>
			<key>isa</key>
			<string>PBXTargetDependency</string>
			<key>target</key>
			<string>703A861F1CCEEBA500E6AFA3</string>
			<key>targetProxy</key>
			<string>703A863A1CCEEBA500E6AFA3</string>
		</dict>
		<key>703A863C1CCEEBA500E6AFA3</key>
		<dict>
			<key>children</key>
			<array>
				<string>703A86801CCF7FB500E6AFA3</string>
				<string>703A866C1CCEF76500E6AFA3</string>
				<string>701FC3001CD1A7C1007B87C8</string>
				<string>707DCF001CD15EC70099F41E</string>
				<string>703A863F1CCEEBA500E6AFA3</string>
			</array>
			<key>isa</key>
			<string>PBXGroup</string>
			<key>name</key>
			<string>top-repositoriesTests</string>
			<key>path</key>
			<string>top-repositoriesTests</string>
			<key>sourceTree</key>
			<string>&lt;group&gt;</string>
		</dict>
		<key>703A863F1CCEEBA500E6AFA3</key>
		<dict>
			<key>isa</key>
			<string>PBXFileReference</string>
			<key>lastKnownFileType</key>
			<string>text.plist.xml</string>
			<key>path</key>
			<string>Info.plist</string>
			<key>sourceTree</key>
			<string>&lt;group&gt;</string>
		</dict>
		<key>703A86401CCEEBA500E6AFA3</key>
		<dict>
			<key>buildActionMask</key>
			<string>2147483647</string>
			<key>files</key>
			<array>
				<string>7088CB681CD1A17000EE128A</string>
			</array>
			<key>isa</key>
			<string>PBXSourcesBuildPhase</string>
			<key>runOnlyForDeploymentPostprocessing</key>
			<string>0</string>
		</dict>
		<key>703A86411CCEEBA500E6AFA3</key>
		<dict>
			<key>buildActionMask</key>
			<string>2147483647</string>
			<key>files</key>
			<array/>
			<key>isa</key>
			<string>PBXFrameworksBuildPhase</string>
			<key>runOnlyForDeploymentPostprocessing</key>
			<string>0</string>
		</dict>
		<key>703A86421CCEEBA500E6AFA3</key>
		<dict>
			<key>buildActionMask</key>
			<string>2147483647</string>
			<key>files</key>
			<array/>
			<key>isa</key>
			<string>PBXResourcesBuildPhase</string>
			<key>runOnlyForDeploymentPostprocessing</key>
			<string>0</string>
		</dict>
		<key>703A86431CCEEBA500E6AFA3</key>
		<dict>
			<key>buildConfigurationList</key>
			<string>703A86531CCEEBA500E6AFA3</string>
			<key>buildPhases</key>
			<array>
				<string>703A86401CCEEBA500E6AFA3</string>
				<string>703A86411CCEEBA500E6AFA3</string>
				<string>703A86421CCEEBA500E6AFA3</string>
			</array>
			<key>buildRules</key>
			<array/>
			<key>dependencies</key>
			<array>
				<string>703A86461CCEEBA500E6AFA3</string>
			</array>
			<key>isa</key>
			<string>PBXNativeTarget</string>
			<key>name</key>
			<string>top-repositories-githubUITests</string>
			<key>productName</key>
			<string>Desafio-iOSUITests</string>
			<key>productReference</key>
			<string>703A86441CCEEBA500E6AFA3</string>
			<key>productType</key>
			<string>com.apple.product-type.bundle.ui-testing</string>
		</dict>
		<key>703A86441CCEEBA500E6AFA3</key>
		<dict>
			<key>explicitFileType</key>
			<string>wrapper.cfbundle</string>
			<key>includeInIndex</key>
			<string>0</string>
			<key>isa</key>
			<string>PBXFileReference</string>
			<key>path</key>
			<string>top-repositories-github.xctest</string>
			<key>sourceTree</key>
			<string>BUILT_PRODUCTS_DIR</string>
		</dict>
		<key>703A86451CCEEBA500E6AFA3</key>
		<dict>
			<key>containerPortal</key>
			<string>703A86181CCEEBA500E6AFA3</string>
			<key>isa</key>
			<string>PBXContainerItemProxy</string>
			<key>proxyType</key>
			<string>1</string>
			<key>remoteGlobalIDString</key>
			<string>703A861F1CCEEBA500E6AFA3</string>
			<key>remoteInfo</key>
			<string>Desafio-iOS</string>
		</dict>
		<key>703A86461CCEEBA500E6AFA3</key>
		<dict>
			<key>isa</key>
			<string>PBXTargetDependency</string>
			<key>target</key>
			<string>703A861F1CCEEBA500E6AFA3</string>
			<key>targetProxy</key>
			<string>703A86451CCEEBA500E6AFA3</string>
		</dict>
		<key>703A86471CCEEBA500E6AFA3</key>
		<dict>
			<key>children</key>
			<array>
				<string>7088CB671CD1A17000EE128A</string>
				<string>703A864A1CCEEBA500E6AFA3</string>
			</array>
			<key>isa</key>
			<string>PBXGroup</string>
			<key>name</key>
			<string>top-repositoriesUITests</string>
			<key>path</key>
			<string>top-repositoriesUITests</string>
			<key>sourceTree</key>
			<string>&lt;group&gt;</string>
		</dict>
		<key>703A864A1CCEEBA500E6AFA3</key>
		<dict>
			<key>isa</key>
			<string>PBXFileReference</string>
			<key>lastKnownFileType</key>
			<string>text.plist.xml</string>
			<key>path</key>
			<string>Info.plist</string>
			<key>sourceTree</key>
			<string>&lt;group&gt;</string>
		</dict>
		<key>703A864B1CCEEBA500E6AFA3</key>
		<dict>
			<key>buildSettings</key>
			<dict>
				<key>ALWAYS_SEARCH_USER_PATHS</key>
				<string>NO</string>
				<key>CLANG_ANALYZER_NONNULL</key>
				<string>YES</string>
				<key>CLANG_CXX_LANGUAGE_STANDARD</key>
				<string>gnu++0x</string>
				<key>CLANG_CXX_LIBRARY</key>
				<string>libc++</string>
				<key>CLANG_ENABLE_MODULES</key>
				<string>YES</string>
				<key>CLANG_ENABLE_OBJC_ARC</key>
				<string>YES</string>
				<key>CLANG_WARN_BOOL_CONVERSION</key>
				<string>YES</string>
				<key>CLANG_WARN_CONSTANT_CONVERSION</key>
				<string>YES</string>
				<key>CLANG_WARN_DIRECT_OBJC_ISA_USAGE</key>
				<string>YES_ERROR</string>
				<key>CLANG_WARN_EMPTY_BODY</key>
				<string>YES</string>
				<key>CLANG_WARN_ENUM_CONVERSION</key>
				<string>YES</string>
				<key>CLANG_WARN_INT_CONVERSION</key>
				<string>YES</string>
				<key>CLANG_WARN_OBJC_ROOT_CLASS</key>
				<string>YES_ERROR</string>
				<key>CLANG_WARN_UNREACHABLE_CODE</key>
				<string>YES</string>
				<key>CLANG_WARN__DUPLICATE_METHOD_MATCH</key>
				<string>YES</string>
				<key>CODE_SIGN_IDENTITY[sdk=iphoneos*]</key>
				<string>iPhone Developer</string>
				<key>COPY_PHASE_STRIP</key>
				<string>NO</string>
				<key>DEBUG_INFORMATION_FORMAT</key>
				<string>dwarf</string>
				<key>ENABLE_STRICT_OBJC_MSGSEND</key>
				<string>YES</string>
				<key>ENABLE_TESTABILITY</key>
				<string>YES</string>
				<key>GCC_C_LANGUAGE_STANDARD</key>
				<string>gnu99</string>
				<key>GCC_DYNAMIC_NO_PIC</key>
				<string>NO</string>
				<key>GCC_NO_COMMON_BLOCKS</key>
				<string>YES</string>
				<key>GCC_OPTIMIZATION_LEVEL</key>
				<string>0</string>
				<key>GCC_PREPROCESSOR_DEFINITIONS</key>
				<array>
					<string>DEBUG=1</string>
					<string>$(inherited)</string>
				</array>
				<key>GCC_WARN_64_TO_32_BIT_CONVERSION</key>
				<string>YES</string>
				<key>GCC_WARN_ABOUT_RETURN_TYPE</key>
				<string>YES_ERROR</string>
				<key>GCC_WARN_UNDECLARED_SELECTOR</key>
				<string>YES</string>
				<key>GCC_WARN_UNINITIALIZED_AUTOS</key>
				<string>YES_AGGRESSIVE</string>
				<key>GCC_WARN_UNUSED_FUNCTION</key>
				<string>YES</string>
				<key>GCC_WARN_UNUSED_VARIABLE</key>
				<string>YES</string>
				<key>IPHONEOS_DEPLOYMENT_TARGET</key>
				<string>9.3</string>
				<key>MTL_ENABLE_DEBUG_INFO</key>
				<string>YES</string>
				<key>ONLY_ACTIVE_ARCH</key>
				<string>YES</string>
				<key>SDKROOT</key>
				<string>iphoneos</string>
				<key>TARGETED_DEVICE_FAMILY</key>
				<string>1,2</string>
			</dict>
			<key>isa</key>
			<string>XCBuildConfiguration</string>
			<key>name</key>
			<string>Debug</string>
		</dict>
		<key>703A864C1CCEEBA500E6AFA3</key>
		<dict>
			<key>buildSettings</key>
			<dict>
				<key>ALWAYS_SEARCH_USER_PATHS</key>
				<string>NO</string>
				<key>CLANG_ANALYZER_NONNULL</key>
				<string>YES</string>
				<key>CLANG_CXX_LANGUAGE_STANDARD</key>
				<string>gnu++0x</string>
				<key>CLANG_CXX_LIBRARY</key>
				<string>libc++</string>
				<key>CLANG_ENABLE_MODULES</key>
				<string>YES</string>
				<key>CLANG_ENABLE_OBJC_ARC</key>
				<string>YES</string>
				<key>CLANG_WARN_BOOL_CONVERSION</key>
				<string>YES</string>
				<key>CLANG_WARN_CONSTANT_CONVERSION</key>
				<string>YES</string>
				<key>CLANG_WARN_DIRECT_OBJC_ISA_USAGE</key>
				<string>YES_ERROR</string>
				<key>CLANG_WARN_EMPTY_BODY</key>
				<string>YES</string>
				<key>CLANG_WARN_ENUM_CONVERSION</key>
				<string>YES</string>
				<key>CLANG_WARN_INT_CONVERSION</key>
				<string>YES</string>
				<key>CLANG_WARN_OBJC_ROOT_CLASS</key>
				<string>YES_ERROR</string>
				<key>CLANG_WARN_UNREACHABLE_CODE</key>
				<string>YES</string>
				<key>CLANG_WARN__DUPLICATE_METHOD_MATCH</key>
				<string>YES</string>
				<key>CODE_SIGN_IDENTITY[sdk=iphoneos*]</key>
				<string>iPhone Developer</string>
				<key>COPY_PHASE_STRIP</key>
				<string>NO</string>
				<key>DEBUG_INFORMATION_FORMAT</key>
				<string>dwarf-with-dsym</string>
				<key>ENABLE_NS_ASSERTIONS</key>
				<string>NO</string>
				<key>ENABLE_STRICT_OBJC_MSGSEND</key>
				<string>YES</string>
				<key>GCC_C_LANGUAGE_STANDARD</key>
				<string>gnu99</string>
				<key>GCC_NO_COMMON_BLOCKS</key>
				<string>YES</string>
				<key>GCC_WARN_64_TO_32_BIT_CONVERSION</key>
				<string>YES</string>
				<key>GCC_WARN_ABOUT_RETURN_TYPE</key>
				<string>YES_ERROR</string>
				<key>GCC_WARN_UNDECLARED_SELECTOR</key>
				<string>YES</string>
				<key>GCC_WARN_UNINITIALIZED_AUTOS</key>
				<string>YES_AGGRESSIVE</string>
				<key>GCC_WARN_UNUSED_FUNCTION</key>
				<string>YES</string>
				<key>GCC_WARN_UNUSED_VARIABLE</key>
				<string>YES</string>
				<key>IPHONEOS_DEPLOYMENT_TARGET</key>
				<string>9.3</string>
				<key>MTL_ENABLE_DEBUG_INFO</key>
				<string>NO</string>
				<key>SDKROOT</key>
				<string>iphoneos</string>
				<key>TARGETED_DEVICE_FAMILY</key>
				<string>1,2</string>
				<key>VALIDATE_PRODUCT</key>
				<string>YES</string>
			</dict>
			<key>isa</key>
			<string>XCBuildConfiguration</string>
			<key>name</key>
			<string>Release</string>
		</dict>
		<key>703A864D1CCEEBA500E6AFA3</key>
		<dict>
			<key>buildConfigurations</key>
			<array>
				<string>703A864E1CCEEBA500E6AFA3</string>
				<string>703A864F1CCEEBA500E6AFA3</string>
			</array>
			<key>defaultConfigurationIsVisible</key>
			<string>0</string>
			<key>defaultConfigurationName</key>
			<string>Release</string>
			<key>isa</key>
			<string>XCConfigurationList</string>
		</dict>
		<key>703A864E1CCEEBA500E6AFA3</key>
		<dict>
			<key>buildSettings</key>
			<dict>
				<key>ASSETCATALOG_COMPILER_APPICON_NAME</key>
				<string>AppIcon</string>
				<key>FRAMEWORK_SEARCH_PATHS</key>
				<array>
					<string>$(inherited)</string>
					<string>$(PROJECT_DIR)/Carthage/Build/iOS</string>
				</array>
				<key>INFOPLIST_FILE</key>
				<string>top-repositories/Code/Others/Info.plist</string>
				<key>LD_RUNPATH_SEARCH_PATHS</key>
				<string>$(inherited) @executable_path/Frameworks</string>
				<key>PRODUCT_BUNDLE_IDENTIFIER</key>
				<string>mobi.fabionogueira.top-repositories-github</string>
				<key>PRODUCT_NAME</key>
				<string>top-repositories-github</string>
			</dict>
			<key>isa</key>
			<string>XCBuildConfiguration</string>
			<key>name</key>
			<string>Debug</string>
		</dict>
		<key>703A864F1CCEEBA500E6AFA3</key>
		<dict>
			<key>buildSettings</key>
			<dict>
				<key>ASSETCATALOG_COMPILER_APPICON_NAME</key>
				<string>AppIcon</string>
				<key>FRAMEWORK_SEARCH_PATHS</key>
				<array>
					<string>$(inherited)</string>
					<string>$(PROJECT_DIR)/Carthage/Build/iOS</string>
				</array>
				<key>INFOPLIST_FILE</key>
				<string>top-repositories/Code/Others/Info.plist</string>
				<key>LD_RUNPATH_SEARCH_PATHS</key>
				<string>$(inherited) @executable_path/Frameworks</string>
				<key>PRODUCT_BUNDLE_IDENTIFIER</key>
				<string>mobi.fabionogueira.top-repositories-github</string>
				<key>PRODUCT_NAME</key>
				<string>top-repositories-github</string>
			</dict>
			<key>isa</key>
			<string>XCBuildConfiguration</string>
			<key>name</key>
			<string>Release</string>
		</dict>
		<key>703A86501CCEEBA500E6AFA3</key>
		<dict>
			<key>buildConfigurations</key>
			<array>
				<string>703A86511CCEEBA500E6AFA3</string>
				<string>703A86521CCEEBA500E6AFA3</string>
			</array>
			<key>defaultConfigurationIsVisible</key>
			<string>0</string>
			<key>defaultConfigurationName</key>
			<string>Release</string>
			<key>isa</key>
			<string>XCConfigurationList</string>
		</dict>
		<key>703A86511CCEEBA500E6AFA3</key>
		<dict>
			<key>buildSettings</key>
			<dict>
				<key>BUNDLE_LOADER</key>
				<string>$(TEST_HOST)</string>
				<key>FRAMEWORK_SEARCH_PATHS</key>
				<array>
					<string>$(inherited)</string>
					<string>$(PROJECT_DIR)/Carthage/Build/iOS</string>
				</array>
				<key>INFOPLIST_FILE</key>
				<string>top-repositoriesTests/Info.plist</string>
				<key>LD_RUNPATH_SEARCH_PATHS</key>
				<string>$(inherited) @executable_path/Frameworks @loader_path/Frameworks</string>
				<key>PRODUCT_BUNDLE_IDENTIFIER</key>
				<string>mobi.fabionogueira.Desafio-iOSTests</string>
				<key>PRODUCT_NAME</key>
				<string>top-repositories-github</string>
				<key>TEST_HOST</key>
				<string>$(BUILT_PRODUCTS_DIR)/top-repositories-github.app/top-repositories-github</string>
			</dict>
			<key>isa</key>
			<string>XCBuildConfiguration</string>
			<key>name</key>
			<string>Debug</string>
		</dict>
		<key>703A86521CCEEBA500E6AFA3</key>
		<dict>
			<key>buildSettings</key>
			<dict>
				<key>BUNDLE_LOADER</key>
				<string>$(TEST_HOST)</string>
				<key>FRAMEWORK_SEARCH_PATHS</key>
				<array>
					<string>$(inherited)</string>
					<string>$(PROJECT_DIR)/Carthage/Build/iOS</string>
				</array>
				<key>INFOPLIST_FILE</key>
				<string>top-repositoriesTests/Info.plist</string>
				<key>LD_RUNPATH_SEARCH_PATHS</key>
				<string>$(inherited) @executable_path/Frameworks @loader_path/Frameworks</string>
				<key>PRODUCT_BUNDLE_IDENTIFIER</key>
				<string>mobi.fabionogueira.Desafio-iOSTests</string>
				<key>PRODUCT_NAME</key>
				<string>top-repositories-github</string>
				<key>TEST_HOST</key>
				<string>$(BUILT_PRODUCTS_DIR)/top-repositories-github.app/top-repositories-github</string>
			</dict>
			<key>isa</key>
			<string>XCBuildConfiguration</string>
			<key>name</key>
			<string>Release</string>
		</dict>
		<key>703A86531CCEEBA500E6AFA3</key>
		<dict>
			<key>buildConfigurations</key>
			<array>
				<string>703A86541CCEEBA500E6AFA3</string>
				<string>703A86551CCEEBA500E6AFA3</string>
			</array>
			<key>defaultConfigurationIsVisible</key>
			<string>0</string>
			<key>defaultConfigurationName</key>
			<string>Release</string>
			<key>isa</key>
			<string>XCConfigurationList</string>
		</dict>
		<key>703A86541CCEEBA500E6AFA3</key>
		<dict>
			<key>buildSettings</key>
			<dict>
				<key>INFOPLIST_FILE</key>
				<string>top-repositoriesUITests/Info.plist</string>
				<key>LD_RUNPATH_SEARCH_PATHS</key>
				<string>$(inherited) @executable_path/Frameworks @loader_path/Frameworks</string>
				<key>PRODUCT_BUNDLE_IDENTIFIER</key>
				<string>mobi.fabionogueira.Desafio-iOSUITests</string>
				<key>PRODUCT_NAME</key>
				<string>top-repositories-github</string>
				<key>TEST_TARGET_NAME</key>
				<string>Desafio-iOS</string>
			</dict>
			<key>isa</key>
			<string>XCBuildConfiguration</string>
			<key>name</key>
			<string>Debug</string>
		</dict>
		<key>703A86551CCEEBA500E6AFA3</key>
		<dict>
			<key>buildSettings</key>
			<dict>
				<key>INFOPLIST_FILE</key>
				<string>top-repositoriesUITests/Info.plist</string>
				<key>LD_RUNPATH_SEARCH_PATHS</key>
				<string>$(inherited) @executable_path/Frameworks @loader_path/Frameworks</string>
				<key>PRODUCT_BUNDLE_IDENTIFIER</key>
				<string>mobi.fabionogueira.Desafio-iOSUITests</string>
				<key>PRODUCT_NAME</key>
				<string>top-repositories-github</string>
				<key>TEST_TARGET_NAME</key>
				<string>Desafio-iOS</string>
			</dict>
			<key>isa</key>
			<string>XCBuildConfiguration</string>
			<key>name</key>
			<string>Release</string>
		</dict>
		<key>703A865A1CCEF05500E6AFA3</key>
		<dict>
			<key>children</key>
			<array>
				<string>7088CB631CD19D0E00EE128A</string>
				<string>707503081CD171620020E9EB</string>
				<string>707503091CD171620020E9EB</string>
				<string>7075030A1CD171620020E9EB</string>
				<string>7075030B1CD171620020E9EB</string>
			</array>
			<key>isa</key>
			<string>PBXGroup</string>
			<key>name</key>
			<string>Frameworks</string>
			<key>sourceTree</key>
			<string>&lt;group&gt;</string>
		</dict>
		<key>703A865B1CCEF06600E6AFA3</key>
		<dict>
			<key>children</key>
			<array>
				<string>703A865C1CCEF06D00E6AFA3</string>
				<string>703A86681CCEF6DF00E6AFA3</string>
				<string>703A865E1CCEF07600E6AFA3</string>
				<string>703A86601CCEF08200E6AFA3</string>
				<string>703A865F1CCEF07C00E6AFA3</string>
			</array>
			<key>isa</key>
			<string>PBXGroup</string>
			<key>name</key>
			<string>Code</string>
			<key>path</key>
			<string>Code</string>
			<key>sourceTree</key>
			<string>&lt;group&gt;</string>
		</dict>
		<key>703A865C1CCEF06D00E6AFA3</key>
		<dict>
			<key>children</key>
			<array>
				<string>7088CB461CD1844500EE128A</string>
				<string>7088CB451CD1843B00EE128A</string>
			</array>
			<key>isa</key>
			<string>PBXGroup</string>
			<key>name</key>
			<string>Controller</string>
			<key>path</key>
			<string>Controller</string>
			<key>sourceTree</key>
			<string>&lt;group&gt;</string>
		</dict>
		<key>703A865E1CCEF07600E6AFA3</key>
		<dict>
			<key>children</key>
			<array>
				<string>703A868F1CD017B700E6AFA3</string>
				<string>703A86651CCEF53000E6AFA3</string>
				<string>703A86661CCEF53000E6AFA3</string>
				<string>7088CB3C1CD17F2000EE128A</string>
				<string>7088CB3D1CD17F2000EE128A</string>
				<string>703A86621CCEF38A00E6AFA3</string>
				<string>703A86631CCEF38A00E6AFA3</string>
				<string>7088CB3F1CD1800100EE128A</string>
				<string>7088CB401CD1800100EE128A</string>
			</array>
			<key>isa</key>
			<string>PBXGroup</string>
			<key>name</key>
			<string>Model</string>
			<key>path</key>
			<string>Model</string>
			<key>sourceTree</key>
			<string>&lt;group&gt;</string>
		</dict>
		<key>703A865F1CCEF07C00E6AFA3</key>
		<dict>
			<key>children</key>
			<array>
				<string>7088CB5D1CD1935D00EE128A</string>
				<string>7088CB5E1CD1935D00EE128A</string>
				<string>707DCEFB1CD15CAD0099F41E</string>
				<string>707DCEFC1CD15CAD0099F41E</string>
			</array>
			<key>isa</key>
			<string>PBXGroup</string>
			<key>name</key>
			<string>ViewModel</string>
			<key>path</key>
			<string>ViewModel</string>
			<key>sourceTree</key>
			<string>&lt;group&gt;</string>
		</dict>
		<key>703A86601CCEF08200E6AFA3</key>
		<dict>
			<key>children</key>
			<array>
				<string>703A86261CCEEBA500E6AFA3</string>
				<string>703A86271CCEEBA500E6AFA3</string>
				<string>703A86341CCEEBA500E6AFA3</string>
				<string>70E418411CD047A500638600</string>
				<string>70E418421CD047A500638600</string>
			</array>
			<key>isa</key>
			<string>PBXGroup</string>
			<key>name</key>
			<string>Others</string>
			<key>path</key>
			<string>Others</string>
			<key>sourceTree</key>
			<string>&lt;group&gt;</string>
		</dict>
		<key>703A86611CCEF08D00E6AFA3</key>
		<dict>
			<key>children</key>
			<array>
				<string>703A867A1CCEFE6100E6AFA3</string>
				<string>703A862F1CCEEBA500E6AFA3</string>
				<string>703A86311CCEEBA500E6AFA3</string>
				<string>703A862C1CCEEBA500E6AFA3</string>
			</array>
			<key>isa</key>
			<string>PBXGroup</string>
			<key>name</key>
			<string>View</string>
			<key>path</key>
			<string>View</string>
			<key>sourceTree</key>
			<string>&lt;group&gt;</string>
		</dict>
		<key>703A86621CCEF38A00E6AFA3</key>
		<dict>
			<key>fileEncoding</key>
			<string>4</string>
			<key>isa</key>
			<string>PBXFileReference</string>
			<key>lastKnownFileType</key>
			<string>sourcecode.c.h</string>
			<key>path</key>
			<string>GHRepository.h</string>
			<key>sourceTree</key>
			<string>&lt;group&gt;</string>
		</dict>
		<key>703A86631CCEF38A00E6AFA3</key>
		<dict>
			<key>fileEncoding</key>
			<string>4</string>
			<key>isa</key>
			<string>PBXFileReference</string>
			<key>lastKnownFileType</key>
			<string>sourcecode.c.objc</string>
			<key>path</key>
			<string>GHRepository.m</string>
			<key>sourceTree</key>
			<string>&lt;group&gt;</string>
		</dict>
		<key>703A86641CCEF38A00E6AFA3</key>
		<dict>
			<key>fileRef</key>
			<string>703A86631CCEF38A00E6AFA3</string>
			<key>isa</key>
			<string>PBXBuildFile</string>
		</dict>
		<key>703A86651CCEF53000E6AFA3</key>
		<dict>
			<key>fileEncoding</key>
			<string>4</string>
			<key>isa</key>
			<string>PBXFileReference</string>
			<key>lastKnownFileType</key>
			<string>sourcecode.c.h</string>
			<key>path</key>
			<string>GHOwner.h</string>
			<key>sourceTree</key>
			<string>&lt;group&gt;</string>
		</dict>
		<key>703A86661CCEF53000E6AFA3</key>
		<dict>
			<key>fileEncoding</key>
			<string>4</string>
			<key>isa</key>
			<string>PBXFileReference</string>
			<key>lastKnownFileType</key>
			<string>sourcecode.c.objc</string>
			<key>path</key>
			<string>GHOwner.m</string>
			<key>sourceTree</key>
			<string>&lt;group&gt;</string>
		</dict>
		<key>703A86671CCEF53000E6AFA3</key>
		<dict>
			<key>fileRef</key>
			<string>703A86661CCEF53000E6AFA3</string>
			<key>isa</key>
			<string>PBXBuildFile</string>
		</dict>
		<key>703A86681CCEF6DF00E6AFA3</key>
		<dict>
			<key>children</key>
			<array>
				<string>703A86691CCEF71500E6AFA3</string>
				<string>703A866A1CCEF71500E6AFA3</string>
			</array>
			<key>isa</key>
			<string>PBXGroup</string>
			<key>name</key>
			<string>DataSource</string>
			<key>path</key>
			<string>DataSource</string>
			<key>sourceTree</key>
			<string>&lt;group&gt;</string>
		</dict>
		<key>703A86691CCEF71500E6AFA3</key>
		<dict>
			<key>fileEncoding</key>
			<string>4</string>
			<key>isa</key>
			<string>PBXFileReference</string>
			<key>lastKnownFileType</key>
			<string>sourcecode.c.h</string>
			<key>path</key>
			<string>GHDataSource.h</string>
			<key>sourceTree</key>
			<string>&lt;group&gt;</string>
		</dict>
		<key>703A866A1CCEF71500E6AFA3</key>
		<dict>
			<key>fileEncoding</key>
			<string>4</string>
			<key>isa</key>
			<string>PBXFileReference</string>
			<key>lastKnownFileType</key>
			<string>sourcecode.c.objc</string>
			<key>path</key>
			<string>GHDataSource.m</string>
			<key>sourceTree</key>
			<string>&lt;group&gt;</string>
		</dict>
		<key>703A866B1CCEF71500E6AFA3</key>
		<dict>
			<key>fileRef</key>
			<string>703A866A1CCEF71500E6AFA3</string>
			<key>isa</key>
			<string>PBXBuildFile</string>
		</dict>
		<key>703A866C1CCEF76500E6AFA3</key>
		<dict>
			<key>children</key>
			<array>
				<string>703A866D1CCEF77300E6AFA3</string>
				<string>70E418521CD0559900638600</string>
			</array>
			<key>isa</key>
			<string>PBXGroup</string>
			<key>name</key>
			<string>DataSource</string>
			<key>path</key>
			<string>DataSource</string>
			<key>sourceTree</key>
			<string>&lt;group&gt;</string>
		</dict>
		<key>703A866D1CCEF77300E6AFA3</key>
		<dict>
			<key>fileEncoding</key>
			<string>4</string>
			<key>isa</key>
			<string>PBXFileReference</string>
			<key>lastKnownFileType</key>
			<string>sourcecode.c.objc</string>
			<key>path</key>
			<string>GHDataSourceTest.m</string>
			<key>sourceTree</key>
			<string>&lt;group&gt;</string>
		</dict>
		<key>703A866E1CCEF77300E6AFA3</key>
		<dict>
			<key>fileRef</key>
			<string>703A866D1CCEF77300E6AFA3</string>
			<key>isa</key>
			<string>PBXBuildFile</string>
		</dict>
		<key>703A86771CCEFE3700E6AFA3</key>
		<dict>
			<key>fileEncoding</key>
			<string>4</string>
			<key>isa</key>
			<string>PBXFileReference</string>
			<key>lastKnownFileType</key>
			<string>sourcecode.c.h</string>
			<key>path</key>
			<string>GHRepositoryController.h</string>
			<key>sourceTree</key>
			<string>&lt;group&gt;</string>
		</dict>
		<key>703A86781CCEFE3700E6AFA3</key>
		<dict>
			<key>fileEncoding</key>
			<string>4</string>
			<key>isa</key>
			<string>PBXFileReference</string>
			<key>lastKnownFileType</key>
			<string>sourcecode.c.objc</string>
			<key>path</key>
			<string>GHRepositoryController.m</string>
			<key>sourceTree</key>
			<string>&lt;group&gt;</string>
		</dict>
		<key>703A86791CCEFE3700E6AFA3</key>
		<dict>
			<key>fileRef</key>
			<string>703A86781CCEFE3700E6AFA3</string>
			<key>isa</key>
			<string>PBXBuildFile</string>
		</dict>
		<key>703A867A1CCEFE6100E6AFA3</key>
		<dict>
			<key>children</key>
			<array>
				<string>70E418471CD04E6400638600</string>
				<string>70E418481CD04E6400638600</string>
				<string>70E418491CD04E6400638600</string>
				<string>7088CB511CD18A7400EE128A</string>
				<string>7088CB521CD18A7400EE128A</string>
				<string>7088CB531CD18A7400EE128A</string>
				<string>703A867B1CCF7E1D00E6AFA3</string>
				<string>703A867C1CCF7E1D00E6AFA3</string>
				<string>703A867E1CCF7E3B00E6AFA3</string>
				<string>70E4184F1CD0502700638600</string>
				<string>70E418501CD0502700638600</string>
			</array>
			<key>isa</key>
			<string>PBXGroup</string>
			<key>name</key>
			<string>Cell</string>
			<key>path</key>
			<string>Cell</string>
			<key>sourceTree</key>
			<string>&lt;group&gt;</string>
		</dict>
		<key>703A867B1CCF7E1D00E6AFA3</key>
		<dict>
			<key>fileEncoding</key>
			<string>4</string>
			<key>isa</key>
			<string>PBXFileReference</string>
			<key>lastKnownFileType</key>
			<string>sourcecode.c.h</string>
			<key>path</key>
			<string>GHRepositoryTableViewCell.h</string>
			<key>sourceTree</key>
			<string>&lt;group&gt;</string>
		</dict>
		<key>703A867C1CCF7E1D00E6AFA3</key>
		<dict>
			<key>fileEncoding</key>
			<string>4</string>
			<key>isa</key>
			<string>PBXFileReference</string>
			<key>lastKnownFileType</key>
			<string>sourcecode.c.objc</string>
			<key>path</key>
			<string>GHRepositoryTableViewCell.m</string>
			<key>sourceTree</key>
			<string>&lt;group&gt;</string>
		</dict>
		<key>703A867D1CCF7E1D00E6AFA3</key>
		<dict>
			<key>fileRef</key>
			<string>703A867C1CCF7E1D00E6AFA3</string>
			<key>isa</key>
			<string>PBXBuildFile</string>
		</dict>
		<key>703A867E1CCF7E3B00E6AFA3</key>
		<dict>
			<key>fileEncoding</key>
			<string>4</string>
			<key>isa</key>
			<string>PBXFileReference</string>
			<key>lastKnownFileType</key>
			<string>file.xib</string>
			<key>path</key>
			<string>GHRepositoryTableViewCell.xib</string>
			<key>sourceTree</key>
			<string>&lt;group&gt;</string>
		</dict>
		<key>703A867F1CCF7E3B00E6AFA3</key>
		<dict>
			<key>fileRef</key>
			<string>703A867E1CCF7E3B00E6AFA3</string>
			<key>isa</key>
			<string>PBXBuildFile</string>
		</dict>
		<key>703A86801CCF7FB500E6AFA3</key>
		<dict>
			<key>children</key>
			<array>
				<string>703A86811CCF7FCD00E6AFA3</string>
			</array>
			<key>isa</key>
			<string>PBXGroup</string>
			<key>name</key>
			<string>Controller</string>
			<key>path</key>
			<string>Controller</string>
			<key>sourceTree</key>
			<string>&lt;group&gt;</string>
		</dict>
		<key>703A86811CCF7FCD00E6AFA3</key>
		<dict>
			<key>fileEncoding</key>
			<string>4</string>
			<key>isa</key>
			<string>PBXFileReference</string>
			<key>lastKnownFileType</key>
			<string>sourcecode.c.objc</string>
			<key>path</key>
			<string>GHRepositoryControllerTest.m</string>
			<key>sourceTree</key>
			<string>&lt;group&gt;</string>
		</dict>
		<key>703A86821CCF7FCD00E6AFA3</key>
		<dict>
			<key>fileRef</key>
			<string>703A86811CCF7FCD00E6AFA3</string>
			<key>isa</key>
			<string>PBXBuildFile</string>
		</dict>
		<key>703A868F1CD017B700E6AFA3</key>
		<dict>
			<key>children</key>
			<array>
				<string>703A86901CD017C400E6AFA3</string>
				<string>703A86911CD017C400E6AFA3</string>
			</array>
			<key>isa</key>
			<string>PBXGroup</string>
			<key>name</key>
			<string>Response</string>
			<key>path</key>
			<string>Response</string>
			<key>sourceTree</key>
			<string>&lt;group&gt;</string>
		</dict>
		<key>703A86901CD017C400E6AFA3</key>
		<dict>
			<key>fileEncoding</key>
			<string>4</string>
			<key>isa</key>
			<string>PBXFileReference</string>
			<key>lastKnownFileType</key>
			<string>sourcecode.c.h</string>
			<key>path</key>
			<string>GHRepositoryResponse.h</string>
			<key>sourceTree</key>
			<string>&lt;group&gt;</string>
		</dict>
		<key>703A86911CD017C400E6AFA3</key>
		<dict>
			<key>fileEncoding</key>
			<string>4</string>
			<key>isa</key>
			<string>PBXFileReference</string>
			<key>lastKnownFileType</key>
			<string>sourcecode.c.objc</string>
			<key>path</key>
			<string>GHRepositoryResponse.m</string>
			<key>sourceTree</key>
			<string>&lt;group&gt;</string>
		</dict>
		<key>703A86921CD017C400E6AFA3</key>
		<dict>
			<key>fileRef</key>
			<string>703A86911CD017C400E6AFA3</string>
			<key>isa</key>
			<string>PBXBuildFile</string>
		</dict>
		<key>707503081CD171620020E9EB</key>
		<dict>
			<key>isa</key>
			<string>PBXFileReference</string>
			<key>lastKnownFileType</key>
			<string>wrapper.framework</string>
			<key>name</key>
			<string>OCMock.framework</string>
			<key>path</key>
			<string>Carthage/Build/iOS/OCMock.framework</string>
			<key>sourceTree</key>
			<string>&lt;group&gt;</string>
		</dict>
		<key>707503091CD171620020E9EB</key>
		<dict>
			<key>isa</key>
			<string>PBXFileReference</string>
			<key>lastKnownFileType</key>
			<string>wrapper.framework</string>
			<key>name</key>
			<string>AFNetworking.framework</string>
			<key>path</key>
			<string>Carthage/Build/iOS/AFNetworking.framework</string>
			<key>sourceTree</key>
			<string>&lt;group&gt;</string>
		</dict>
		<key>7075030A1CD171620020E9EB</key>
		<dict>
			<key>isa</key>
			<string>PBXFileReference</string>
			<key>lastKnownFileType</key>
			<string>wrapper.framework</string>
			<key>name</key>
			<string>PINRemoteImage.framework</string>
			<key>path</key>
			<string>Carthage/Build/iOS/PINRemoteImage.framework</string>
			<key>sourceTree</key>
			<string>&lt;group&gt;</string>
		</dict>
		<key>7075030B1CD171620020E9EB</key>
		<dict>
			<key>isa</key>
			<string>PBXFileReference</string>
			<key>lastKnownFileType</key>
			<string>wrapper.framework</string>
			<key>name</key>
			<string>PINCache.framework</string>
			<key>path</key>
			<string>Carthage/Build/iOS/PINCache.framework</string>
			<key>sourceTree</key>
			<string>&lt;group&gt;</string>
		</dict>
		<key>7075030C1CD171620020E9EB</key>
		<dict>
			<key>fileRef</key>
			<string>707503081CD171620020E9EB</string>
			<key>isa</key>
			<string>PBXBuildFile</string>
		</dict>
		<key>7075030D1CD171620020E9EB</key>
		<dict>
			<key>fileRef</key>
			<string>707503091CD171620020E9EB</string>
			<key>isa</key>
			<string>PBXBuildFile</string>
		</dict>
		<key>7075030E1CD171620020E9EB</key>
		<dict>
			<key>fileRef</key>
			<string>7075030A1CD171620020E9EB</string>
			<key>isa</key>
			<string>PBXBuildFile</string>
		</dict>
		<key>7075030F1CD171620020E9EB</key>
		<dict>
			<key>fileRef</key>
			<string>7075030B1CD171620020E9EB</string>
			<key>isa</key>
			<string>PBXBuildFile</string>
		</dict>
		<key>707503101CD172840020E9EB</key>
		<dict>
			<key>fileRef</key>
			<string>707503081CD171620020E9EB</string>
			<key>isa</key>
			<string>PBXBuildFile</string>
		</dict>
		<key>707503111CD172EA0020E9EB</key>
		<dict>
			<key>fileRef</key>
			<string>707503081CD171620020E9EB</string>
			<key>isa</key>
			<string>PBXBuildFile</string>
		</dict>
		<key>707503121CD172EA0020E9EB</key>
		<dict>
			<key>fileRef</key>
			<string>707503081CD171620020E9EB</string>
			<key>isa</key>
			<string>PBXBuildFile</string>
			<key>settings</key>
			<dict>
				<key>ATTRIBUTES</key>
				<array>
					<string>CodeSignOnCopy</string>
					<string>RemoveHeadersOnCopy</string>
				</array>
			</dict>
		</dict>
		<key>707503131CD172EB0020E9EB</key>
		<dict>
			<key>buildActionMask</key>
			<string>2147483647</string>
			<key>dstPath</key>
			<string></string>
			<key>dstSubfolderSpec</key>
			<string>10</string>
			<key>files</key>
			<array>
				<string>707503171CD1731C0020E9EB</string>
				<string>707503191CD1731C0020E9EB</string>
				<string>707503121CD172EA0020E9EB</string>
				<string>707503151CD173070020E9EB</string>
			</array>
			<key>isa</key>
			<string>PBXCopyFilesBuildPhase</string>
			<key>name</key>
			<string>Embed Frameworks</string>
			<key>runOnlyForDeploymentPostprocessing</key>
			<string>0</string>
		</dict>
		<key>707503141CD173070020E9EB</key>
		<dict>
			<key>fileRef</key>
			<string>707503091CD171620020E9EB</string>
			<key>isa</key>
			<string>PBXBuildFile</string>
		</dict>
		<key>707503151CD173070020E9EB</key>
		<dict>
			<key>fileRef</key>
			<string>707503091CD171620020E9EB</string>
			<key>isa</key>
			<string>PBXBuildFile</string>
			<key>settings</key>
			<dict>
				<key>ATTRIBUTES</key>
				<array>
					<string>CodeSignOnCopy</string>
					<string>RemoveHeadersOnCopy</string>
				</array>
			</dict>
		</dict>
		<key>707503161CD1731C0020E9EB</key>
		<dict>
			<key>fileRef</key>
			<string>7075030A1CD171620020E9EB</string>
			<key>isa</key>
			<string>PBXBuildFile</string>
		</dict>
		<key>707503171CD1731C0020E9EB</key>
		<dict>
			<key>fileRef</key>
			<string>7075030A1CD171620020E9EB</string>
			<key>isa</key>
			<string>PBXBuildFile</string>
			<key>settings</key>
			<dict>
				<key>ATTRIBUTES</key>
				<array>
					<string>CodeSignOnCopy</string>
					<string>RemoveHeadersOnCopy</string>
				</array>
			</dict>
		</dict>
		<key>707503181CD1731C0020E9EB</key>
		<dict>
			<key>fileRef</key>
			<string>7075030B1CD171620020E9EB</string>
			<key>isa</key>
			<string>PBXBuildFile</string>
		</dict>
		<key>707503191CD1731C0020E9EB</key>
		<dict>
			<key>fileRef</key>
			<string>7075030B1CD171620020E9EB</string>
			<key>isa</key>
			<string>PBXBuildFile</string>
			<key>settings</key>
			<dict>
				<key>ATTRIBUTES</key>
				<array>
					<string>CodeSignOnCopy</string>
					<string>RemoveHeadersOnCopy</string>
				</array>
			</dict>
		</dict>
		<key>707DCEFB1CD15CAD0099F41E</key>
		<dict>
			<key>fileEncoding</key>
			<string>4</string>
			<key>isa</key>
			<string>PBXFileReference</string>
			<key>lastKnownFileType</key>
			<string>sourcecode.c.h</string>
			<key>path</key>
			<string>GHRepositoryViewModel.h</string>
			<key>sourceTree</key>
			<string>&lt;group&gt;</string>
		</dict>
		<key>707DCEFC1CD15CAD0099F41E</key>
		<dict>
			<key>fileEncoding</key>
			<string>4</string>
			<key>isa</key>
			<string>PBXFileReference</string>
			<key>lastKnownFileType</key>
			<string>sourcecode.c.objc</string>
			<key>path</key>
			<string>GHRepositoryViewModel.m</string>
			<key>sourceTree</key>
			<string>&lt;group&gt;</string>
		</dict>
		<key>707DCEFD1CD15CAD0099F41E</key>
		<dict>
			<key>fileRef</key>
			<string>707DCEFC1CD15CAD0099F41E</string>
			<key>isa</key>
			<string>PBXBuildFile</string>
		</dict>
		<key>707DCEFE1CD15E220099F41E</key>
		<dict>
			<key>fileEncoding</key>
			<string>4</string>
			<key>isa</key>
			<string>PBXFileReference</string>
			<key>lastKnownFileType</key>
			<string>text</string>
			<key>path</key>
			<string>Cartfile</string>
			<key>sourceTree</key>
			<string>&lt;group&gt;</string>
		</dict>
		<key>707DCEFF1CD15E220099F41E</key>
		<dict>
			<key>fileRef</key>
			<string>707DCEFE1CD15E220099F41E</string>
			<key>isa</key>
			<string>PBXBuildFile</string>
		</dict>
		<key>707DCF001CD15EC70099F41E</key>
		<dict>
			<key>children</key>
			<array>
				<string>701FC2FE1CD1A455007B87C8</string>
				<string>707DCF121CD165900099F41E</string>
			</array>
			<key>isa</key>
			<string>PBXGroup</string>
			<key>name</key>
			<string>ViewModel</string>
			<key>path</key>
			<string>ViewModel</string>
			<key>sourceTree</key>
			<string>&lt;group&gt;</string>
		</dict>
		<key>707DCF121CD165900099F41E</key>
		<dict>
			<key>fileEncoding</key>
			<string>4</string>
			<key>isa</key>
			<string>PBXFileReference</string>
			<key>lastKnownFileType</key>
			<string>sourcecode.c.objc</string>
			<key>path</key>
			<string>GHRepositoryViewModelTest.m</string>
			<key>sourceTree</key>
			<string>&lt;group&gt;</string>
		</dict>
		<key>707DCF131CD165900099F41E</key>
		<dict>
			<key>fileRef</key>
			<string>707DCF121CD165900099F41E</string>
			<key>isa</key>
			<string>PBXBuildFile</string>
		</dict>
		<key>7088CB3C1CD17F2000EE128A</key>
		<dict>
			<key>fileEncoding</key>
			<string>4</string>
			<key>isa</key>
			<string>PBXFileReference</string>
			<key>lastKnownFileType</key>
			<string>sourcecode.c.h</string>
			<key>path</key>
			<string>GHPullRequest.h</string>
			<key>sourceTree</key>
			<string>&lt;group&gt;</string>
		</dict>
		<key>7088CB3D1CD17F2000EE128A</key>
		<dict>
			<key>fileEncoding</key>
			<string>4</string>
			<key>isa</key>
			<string>PBXFileReference</string>
			<key>lastKnownFileType</key>
			<string>sourcecode.c.objc</string>
			<key>path</key>
			<string>GHPullRequest.m</string>
			<key>sourceTree</key>
			<string>&lt;group&gt;</string>
		</dict>
		<key>7088CB3E1CD17F2000EE128A</key>
		<dict>
			<key>fileRef</key>
			<string>7088CB3D1CD17F2000EE128A</string>
			<key>isa</key>
			<string>PBXBuildFile</string>
		</dict>
		<key>7088CB3F1CD1800100EE128A</key>
		<dict>
			<key>fileEncoding</key>
			<string>4</string>
			<key>isa</key>
			<string>PBXFileReference</string>
			<key>lastKnownFileType</key>
			<string>sourcecode.c.h</string>
			<key>path</key>
			<string>GHUser.h</string>
			<key>sourceTree</key>
			<string>&lt;group&gt;</string>
		</dict>
		<key>7088CB401CD1800100EE128A</key>
		<dict>
			<key>fileEncoding</key>
			<string>4</string>
			<key>isa</key>
			<string>PBXFileReference</string>
			<key>lastKnownFileType</key>
			<string>sourcecode.c.objc</string>
			<key>path</key>
			<string>GHUser.m</string>
			<key>sourceTree</key>
			<string>&lt;group&gt;</string>
		</dict>
		<key>7088CB411CD1800100EE128A</key>
		<dict>
			<key>fileRef</key>
			<string>7088CB401CD1800100EE128A</string>
			<key>isa</key>
			<string>PBXBuildFile</string>
		</dict>
		<key>7088CB451CD1843B00EE128A</key>
		<dict>
			<key>children</key>
			<array>
				<string>703A86771CCEFE3700E6AFA3</string>
				<string>703A86781CCEFE3700E6AFA3</string>
				<string>70E4184C1CD04F7300638600</string>
				<string>70E4184D1CD04F7300638600</string>
			</array>
			<key>isa</key>
			<string>PBXGroup</string>
			<key>name</key>
			<string>Repository</string>
			<key>path</key>
			<string>Repository</string>
			<key>sourceTree</key>
			<string>&lt;group&gt;</string>
		</dict>
		<key>7088CB461CD1844500EE128A</key>
		<dict>
			<key>children</key>
			<array>
				<string>7088CB471CD1847C00EE128A</string>
				<string>7088CB481CD1847C00EE128A</string>
				<string>7088CB561CD18D6200EE128A</string>
				<string>7088CB571CD18D6200EE128A</string>
			</array>
			<key>isa</key>
			<string>PBXGroup</string>
			<key>name</key>
			<string>PullRequest</string>
			<key>path</key>
			<string>PullRequest</string>
			<key>sourceTree</key>
			<string>&lt;group&gt;</string>
		</dict>
		<key>7088CB471CD1847C00EE128A</key>
		<dict>
			<key>fileEncoding</key>
			<string>4</string>
			<key>isa</key>
			<string>PBXFileReference</string>
			<key>lastKnownFileType</key>
			<string>sourcecode.c.h</string>
			<key>path</key>
			<string>GHPullRequestController.h</string>
			<key>sourceTree</key>
			<string>&lt;group&gt;</string>
		</dict>
		<key>7088CB481CD1847C00EE128A</key>
		<dict>
			<key>fileEncoding</key>
			<string>4</string>
			<key>isa</key>
			<string>PBXFileReference</string>
			<key>lastKnownFileType</key>
			<string>sourcecode.c.objc</string>
			<key>path</key>
			<string>GHPullRequestController.m</string>
			<key>sourceTree</key>
			<string>&lt;group&gt;</string>
		</dict>
		<key>7088CB4A1CD1847C00EE128A</key>
		<dict>
			<key>fileRef</key>
			<string>7088CB481CD1847C00EE128A</string>
			<key>isa</key>
			<string>PBXBuildFile</string>
		</dict>
		<key>7088CB511CD18A7400EE128A</key>
		<dict>
			<key>fileEncoding</key>
			<string>4</string>
			<key>isa</key>
			<string>PBXFileReference</string>
			<key>lastKnownFileType</key>
			<string>sourcecode.c.h</string>
			<key>path</key>
			<string>GHPullRequestTableViewCell.h</string>
			<key>sourceTree</key>
			<string>&lt;group&gt;</string>
		</dict>
		<key>7088CB521CD18A7400EE128A</key>
		<dict>
			<key>fileEncoding</key>
			<string>4</string>
			<key>isa</key>
			<string>PBXFileReference</string>
			<key>lastKnownFileType</key>
			<string>sourcecode.c.objc</string>
			<key>path</key>
			<string>GHPullRequestTableViewCell.m</string>
			<key>sourceTree</key>
			<string>&lt;group&gt;</string>
		</dict>
		<key>7088CB531CD18A7400EE128A</key>
		<dict>
			<key>fileEncoding</key>
			<string>4</string>
			<key>isa</key>
			<string>PBXFileReference</string>
			<key>lastKnownFileType</key>
			<string>file.xib</string>
			<key>path</key>
			<string>GHPullRequestTableViewCell.xib</string>
			<key>sourceTree</key>
			<string>&lt;group&gt;</string>
		</dict>
		<key>7088CB541CD18A7400EE128A</key>
		<dict>
			<key>fileRef</key>
			<string>7088CB521CD18A7400EE128A</string>
			<key>isa</key>
			<string>PBXBuildFile</string>
		</dict>
		<key>7088CB551CD18A7400EE128A</key>
		<dict>
			<key>fileRef</key>
			<string>7088CB531CD18A7400EE128A</string>
			<key>isa</key>
			<string>PBXBuildFile</string>
		</dict>
		<key>7088CB561CD18D6200EE128A</key>
		<dict>
			<key>fileEncoding</key>
			<string>4</string>
			<key>isa</key>
			<string>PBXFileReference</string>
			<key>lastKnownFileType</key>
			<string>sourcecode.c.h</string>
			<key>path</key>
			<string>GHPullRequestTableViewDataSource.h</string>
			<key>sourceTree</key>
			<string>&lt;group&gt;</string>
		</dict>
		<key>7088CB571CD18D6200EE128A</key>
		<dict>
			<key>fileEncoding</key>
			<string>4</string>
			<key>isa</key>
			<string>PBXFileReference</string>
			<key>lastKnownFileType</key>
			<string>sourcecode.c.objc</string>
			<key>path</key>
			<string>GHPullRequestTableViewDataSource.m</string>
			<key>sourceTree</key>
			<string>&lt;group&gt;</string>
		</dict>
		<key>7088CB581CD18D6200EE128A</key>
		<dict>
			<key>fileRef</key>
			<string>7088CB571CD18D6200EE128A</string>
			<key>isa</key>
			<string>PBXBuildFile</string>
		</dict>
		<key>7088CB5D1CD1935D00EE128A</key>
		<dict>
			<key>fileEncoding</key>
			<string>4</string>
			<key>isa</key>
			<string>PBXFileReference</string>
			<key>lastKnownFileType</key>
			<string>sourcecode.c.h</string>
			<key>path</key>
			<string>GHPullRequestViewModel.h</string>
			<key>sourceTree</key>
			<string>&lt;group&gt;</string>
		</dict>
		<key>7088CB5E1CD1935D00EE128A</key>
		<dict>
			<key>fileEncoding</key>
			<string>4</string>
			<key>isa</key>
			<string>PBXFileReference</string>
			<key>lastKnownFileType</key>
			<string>sourcecode.c.objc</string>
			<key>path</key>
			<string>GHPullRequestViewModel.m</string>
			<key>sourceTree</key>
			<string>&lt;group&gt;</string>
		</dict>
		<key>7088CB5F1CD1935D00EE128A</key>
		<dict>
			<key>fileRef</key>
			<string>7088CB5E1CD1935D00EE128A</string>
			<key>isa</key>
			<string>PBXBuildFile</string>
		</dict>
		<key>7088CB631CD19D0E00EE128A</key>
		<dict>
			<key>isa</key>
			<string>PBXFileReference</string>
			<key>lastKnownFileType</key>
			<string>wrapper.framework</string>
			<key>name</key>
			<string>SafariServices.framework</string>
			<key>path</key>
			<string>System/Library/Frameworks/SafariServices.framework</string>
			<key>sourceTree</key>
			<string>SDKROOT</string>
		</dict>
		<key>7088CB641CD19D0E00EE128A</key>
		<dict>
			<key>fileRef</key>
			<string>7088CB631CD19D0E00EE128A</string>
			<key>isa</key>
			<string>PBXBuildFile</string>
		</dict>
		<key>7088CB671CD1A17000EE128A</key>
		<dict>
			<key>fileEncoding</key>
			<string>4</string>
			<key>isa</key>
			<string>PBXFileReference</string>
			<key>lastKnownFileType</key>
			<string>sourcecode.c.objc</string>
			<key>path</key>
			<string>GHFlowTest.m</string>
			<key>sourceTree</key>
			<string>&lt;group&gt;</string>
		</dict>
		<key>7088CB681CD1A17000EE128A</key>
		<dict>
			<key>fileRef</key>
			<string>7088CB671CD1A17000EE128A</string>
			<key>isa</key>
			<string>PBXBuildFile</string>
		</dict>
		<key>70E418411CD047A500638600</key>
		<dict>
			<key>fileEncoding</key>
			<string>4</string>
			<key>isa</key>
			<string>PBXFileReference</string>
			<key>lastKnownFileType</key>
			<string>sourcecode.c.h</string>
			<key>path</key>
			<string>UITableView+Extension.h</string>
			<key>sourceTree</key>
			<string>&lt;group&gt;</string>
		</dict>
		<key>70E418421CD047A500638600</key>
		<dict>
			<key>fileEncoding</key>
			<string>4</string>
			<key>isa</key>
			<string>PBXFileReference</string>
			<key>lastKnownFileType</key>
			<string>sourcecode.c.objc</string>
			<key>path</key>
			<string>UITableView+Extension.m</string>
			<key>sourceTree</key>
			<string>&lt;group&gt;</string>
		</dict>
		<key>70E418431CD047A500638600</key>
		<dict>
			<key>fileRef</key>
			<string>70E418421CD047A500638600</string>
			<key>isa</key>
			<string>PBXBuildFile</string>
		</dict>
		<key>70E418471CD04E6400638600</key>
		<dict>
			<key>fileEncoding</key>
			<string>4</string>
			<key>isa</key>
			<string>PBXFileReference</string>
			<key>lastKnownFileType</key>
			<string>sourcecode.c.h</string>
			<key>path</key>
			<string>GHLoadingTableViewCell.h</string>
			<key>sourceTree</key>
			<string>&lt;group&gt;</string>
		</dict>
		<key>70E418481CD04E6400638600</key>
		<dict>
			<key>fileEncoding</key>
			<string>4</string>
			<key>isa</key>
			<string>PBXFileReference</string>
			<key>lastKnownFileType</key>
			<string>sourcecode.c.objc</string>
			<key>path</key>
			<string>GHLoadingTableViewCell.m</string>
			<key>sourceTree</key>
			<string>&lt;group&gt;</string>
		</dict>
		<key>70E418491CD04E6400638600</key>
		<dict>
			<key>fileEncoding</key>
			<string>4</string>
			<key>isa</key>
			<string>PBXFileReference</string>
			<key>lastKnownFileType</key>
			<string>file.xib</string>
			<key>path</key>
			<string>GHLoadingTableViewCell.xib</string>
			<key>sourceTree</key>
			<string>&lt;group&gt;</string>
		</dict>
		<key>70E4184A1CD04E6400638600</key>
		<dict>
			<key>fileRef</key>
			<string>70E418481CD04E6400638600</string>
			<key>isa</key>
			<string>PBXBuildFile</string>
		</dict>
		<key>70E4184B1CD04E6400638600</key>
		<dict>
			<key>fileRef</key>
			<string>70E418491CD04E6400638600</string>
			<key>isa</key>
			<string>PBXBuildFile</string>
		</dict>
		<key>70E4184C1CD04F7300638600</key>
		<dict>
			<key>fileEncoding</key>
			<string>4</string>
			<key>isa</key>
			<string>PBXFileReference</string>
			<key>lastKnownFileType</key>
			<string>sourcecode.c.h</string>
			<key>path</key>
			<string>GHRepositoryTableViewDataSource.h</string>
			<key>sourceTree</key>
			<string>&lt;group&gt;</string>
		</dict>
		<key>70E4184D1CD04F7300638600</key>
		<dict>
			<key>fileEncoding</key>
			<string>4</string>
			<key>isa</key>
			<string>PBXFileReference</string>
			<key>lastKnownFileType</key>
			<string>sourcecode.c.objc</string>
			<key>path</key>
			<string>GHRepositoryTableViewDataSource.m</string>
			<key>sourceTree</key>
			<string>&lt;group&gt;</string>
		</dict>
		<key>70E4184E1CD04F7300638600</key>
		<dict>
			<key>fileRef</key>
			<string>70E4184D1CD04F7300638600</string>
			<key>isa</key>
			<string>PBXBuildFile</string>
		</dict>
		<key>70E4184F1CD0502700638600</key>
		<dict>
			<key>fileEncoding</key>
			<string>4</string>
			<key>isa</key>
			<string>PBXFileReference</string>
			<key>lastKnownFileType</key>
			<string>sourcecode.c.h</string>
			<key>path</key>
			<string>GHTableViewCell.h</string>
			<key>sourceTree</key>
			<string>&lt;group&gt;</string>
		</dict>
		<key>70E418501CD0502700638600</key>
		<dict>
			<key>fileEncoding</key>
			<string>4</string>
			<key>isa</key>
			<string>PBXFileReference</string>
			<key>lastKnownFileType</key>
			<string>sourcecode.c.objc</string>
			<key>path</key>
			<string>GHTableViewCell.m</string>
			<key>sourceTree</key>
			<string>&lt;group&gt;</string>
		</dict>
		<key>70E418511CD0502700638600</key>
		<dict>
			<key>fileRef</key>
			<string>70E418501CD0502700638600</string>
			<key>isa</key>
			<string>PBXBuildFile</string>
		</dict>
		<key>70E418521CD0559900638600</key>
		<dict>
			<key>fileEncoding</key>
			<string>4</string>
			<key>isa</key>
			<string>PBXFileReference</string>
			<key>lastKnownFileType</key>
			<string>sourcecode.c.objc</string>
			<key>path</key>
			<string>GHRepositoryTableViewDataSorceTests.m</string>
			<key>sourceTree</key>
			<string>&lt;group&gt;</string>
		</dict>
		<key>70E418531CD0559900638600</key>
		<dict>
			<key>fileRef</key>
			<string>70E418521CD0559900638600</string>
			<key>isa</key>
			<string>PBXBuildFile</string>
		</dict>
	</dict>
	<key>rootObject</key>
	<string>703A86181CCEEBA500E6AFA3</string>
</dict>
</plist>
